{
  "name": "@comparison-prices/contracts",
  "version": "0.1.0",
  "lockfileVersion": 3,
  "requires": true,
  "packages": {
    "": {
      "name": "@comparison-prices/contracts",
      "version": "0.1.0",
      "devDependencies": {
        "codegraph": "^1.0.0"
      }
    },
    "node_modules/codegraph": {
      "version": "1.0.0",
      "resolved": "https://registry.npmjs.org/codegraph/-/codegraph-1.0.0.tgz",
      "integrity": "sha512-HNeOhTn00sV/YR5uzmyXFrD1ifF0jEkjeyWcC7ikPkqdCQbnfh14+w6hEGU9/U+fNKe97noRooc+eWIp/P5y9Q==",
      "dev": true
    }
  }
}
